{
  "nodes": {
    "buildroot": {
      "flake": false,
      "locked": {
        "lastModified": 1773776913,
        "narHash": "sha256-ZroWgfTHDJ5lsPp2K5RCPNrAaGScp3fQpwJWGkxvpd8=",
        "owner": "buildroot.org",
        "repo": "buildroot",
        "rev": "137a566bf5353831d97c068a4c22e6df5b4d07a0",
        "type": "gitlab"
      },
      "original": {
        "owner": "buildroot.org",
        "ref": "2025.02.12",
        "repo": "buildroot",
        "type": "gitlab"
      }
    },
    "buildroot-nix": {
      "inputs": {
        "buildroot": [
          "buildroot"
        ],
        "nixpkgs": [
          "nixpkgs"
        ],
        "treefmt-nix": "treefmt-nix"
      },
      "locked": {
        "lastModified": 1770501960,
        "narHash": "sha256-LWo0eSAfYnAmIP6CdQWx/HWBDLq0JAb+35zGV0CRwqQ=",
        "owner": "velentr",
        "repo": "buildroot.nix",
        "rev": "a9090cd64ce2b595a68b2acf2f13463b75673d80",
        "type": "github"
      },
      "original": {
        "owner": "velentr",
        "ref": "master",
        "repo": "buildroot.nix",
        "type": "github"
      }
    },
    "nixpkgs": {
      "locked": {
        "lastModified": 1776067740,
        "narHash": "sha256-B35lpsqnSZwn1Lmz06BpwF7atPgFmUgw1l8KAV3zpVQ=",
        "owner": "NixOS",
        "repo": "nixpkgs",
        "rev": "7e495b747b51f95ae15e74377c5ce1fe69c1765f",
        "type": "github"
      },
      "original": {
        "owner": "NixOS",
        "ref": "nixos-25.11",
        "repo": "nixpkgs",
        "type": "github"
      }
    },
    "root": {
      "inputs": {
        "buildroot": "buildroot",
        "buildroot-nix": "buildroot-nix",
        "nixpkgs": "nixpkgs"
      }
    },
    "treefmt-nix": {
      "inputs": {
        "nixpkgs": [
          "buildroot-nix",
          "nixpkgs"
        ]
      },
      "locked": {
        "lastModified": 1770228511,
        "narHash": "sha256-wQ6NJSuFqAEmIg2VMnLdCnUc0b7vslUohqqGGD+Fyxk=",
        "owner": "numtide",
        "repo": "treefmt-nix",
        "rev": "337a4fe074be1042a35086f15481d763b8ddc0e7",
        "type": "github"
      },
      "original": {
        "owner": "numtide",
        "repo": "treefmt-nix",
        "type": "github"
      }
    }
  },
  "root": "root",
  "version": 7
}
